
Microsoft Visual Studio Solution File, Format Version 12.00
# Visual Studio Version 16
VisualStudioVersion = 16.0.31129.286
MinimumVisualStudioVersion = 10.0.40219.1
Project("{FAE04EC0-301F-11D3-BF4B-00C04F79EFBC}") = "BL Layer", "Trial 2\BL Layer.csproj", "{51AE45DB-D46F-46CA-9C3F-3E5A613FFBD1}"
EndProject
Project("{FAE04EC0-301F-11D3-BF4B-00C04F79EFBC}") = "UI Layer", "UI Layer\UI Layer.csproj", "{4FA39C52-0289-4BCB-B7F6-EC092524C712}"
EndProject
Project("{FAE04EC0-301F-11D3-BF4B-00C04F79EFBC}") = "DL Layer", "DL Layer\DL Layer.csproj", "{1397A42A-F27A-4D28-AEB5-B894A0CAD537}"
EndProject
Global
	GlobalSection(SolutionConfigurationPlatforms) = preSolution
		Debug|Any CPU = Debug|Any CPU
		Release|Any CPU = Release|Any CPU
	EndGlobalSection
	GlobalSection(ProjectConfigurationPlatforms) = postSolution
		{51AE45DB-D46F-46CA-9C3F-3E5A613FFBD1}.Debug|Any CPU.ActiveCfg = Debug|Any CPU
		{51AE45DB-D46F-46CA-9C3F-3E5A613FFBD1}.Debug|Any CPU.Build.0 = Debug|Any CPU
		{51AE45DB-D46F-46CA-9C3F-3E5A613FFBD1}.Release|Any CPU.ActiveCfg = Release|Any CPU
		{51AE45DB-D46F-46CA-9C3F-3E5A613FFBD1}.Release|Any CPU.Build.0 = Release|Any CPU
		{4FA39C52-0289-4BCB-B7F6-EC092524C712}.Debug|Any CPU.ActiveCfg = Debug|Any CPU
		{4FA39C52-0289-4BCB-B7F6-EC092524C712}.Debug|Any CPU.Build.0 = Debug|Any CPU
		{4FA39C52-0289-4BCB-B7F6-EC092524C712}.Release|Any CPU.ActiveCfg = Release|Any CPU
		{4FA39C52-0289-4BCB-B7F6-EC092524C712}.Release|Any CPU.Build.0 = Release|Any CPU
		{1397A42A-F27A-4D28-AEB5-B894A0CAD537}.Debug|Any CPU.ActiveCfg = Debug|Any CPU
		{1397A42A-F27A-4D28-AEB5-B894A0CAD537}.Debug|Any CPU.Build.0 = Debug|Any CPU
		{1397A42A-F27A-4D28-AEB5-B894A0CAD537}.Release|Any CPU.ActiveCfg = Release|Any CPU
		{1397A42A-F27A-4D28-AEB5-B894A0CAD537}.Release|Any CPU.Build.0 = Release|Any CPU
	EndGlobalSection
	GlobalSection(SolutionProperties) = preSolution
		HideSolutionNode = FALSE
	EndGlobalSection
	GlobalSection(ExtensibilityGlobals) = postSolution
		SolutionGuid = {2041DAA9-1178-43BE-BAF7-DCA2979CA294}
	EndGlobalSection
EndGlobal
